
Microsoft Visual Studio Solution File, Format Version 12.00
# Visual Studio 15
Project("{FAE04EC0-301F-11D3-BF4B-00C04F79EFBC}") = "UnityEngine.UI", "UnityEngine.UI.csproj", "{995C09F5-B9D6-D667-891A-9E65028D019D}"
EndProject
Project("{FAE04EC0-301F-11D3-BF4B-00C04F79EFBC}") = "UnityEngine.TestRunner", "UnityEngine.TestRunner.csproj", "{AB5F462A-ADD6-D011-9824-EE6B694A39E8}"
EndProject
Project("{FAE04EC0-301F-11D3-BF4B-00C04F79EFBC}") = "Unity.2D.Animation.Triangle.Runtime", "Unity.2D.Animation.Triangle.Runtime.csproj", "{9CC7D274-F053-3B2A-AA8C-6A7178E18C30}"
EndProject
Project("{FAE04EC0-301F-11D3-BF4B-00C04F79EFBC}") = "Assembly-CSharp", "Assembly-CSharp.csproj", "{3F4FDF3A-4076-0EA7-F38A-7EF1FEA017CD}"
EndProject
Project("{FAE04EC0-301F-11D3-BF4B-00C04F79EFBC}") = "Unity.TextMeshPro", "Unity.TextMeshPro.csproj", "{327E11E8-4587-DB96-9A57-B5E0755C9F83}"
EndProject
Project("{FAE04EC0-301F-11D3-BF4B-00C04F79EFBC}") = "Unity.2D.Animation.Runtime", "Unity.2D.Animation.Runtime.csproj", "{EBB3C2DE-566C-2497-4F2A-3807251983DF}"
EndProject
Project("{FAE04EC0-301F-11D3-BF4B-00C04F79EFBC}") = "Unity.Timeline", "Unity.Timeline.csproj", "{5705B7B0-4F56-D640-D4E0-22E0E03E7AF4}"
EndProject
Project("{FAE04EC0-301F-11D3-BF4B-00C04F79EFBC}") = "Unity.Mathematics", "Unity.Mathematics.csproj", "{8B908919-7C33-7912-BEF4-9A50F8091A05}"
EndProject
Project("{FAE04EC0-301F-11D3-BF4B-00C04F79EFBC}") = "Unity.2D.SpriteShape.Runtime", "Unity.2D.SpriteShape.Runtime.csproj", "{8089816E-F83E-DDF2-D8DA-07BF813994A4}"
EndProject
Project("{FAE04EC0-301F-11D3-BF4B-00C04F79EFBC}") = "Unity.2D.PixelPerfect", "Unity.2D.PixelPerfect.csproj", "{13BE5564-16CD-AB75-C3EE-6A5C17DFC5C0}"
EndProject
Project("{FAE04EC0-301F-11D3-BF4B-00C04F79EFBC}") = "Unity.InternalAPIEngineBridge.001", "Unity.InternalAPIEngineBridge.001.csproj", "{148456B5-40B9-6C87-A01C-4F49EAD4F7FB}"
EndProject
Project("{FAE04EC0-301F-11D3-BF4B-00C04F79EFBC}") = "Unity.2D.Common.Runtime", "Unity.2D.Common.Runtime.csproj", "{CE186074-1F22-187D-8732-7B698A71D0D1}"
EndProject
Project("{FAE04EC0-301F-11D3-BF4B-00C04F79EFBC}") = "UnityEditor.TestRunner", "UnityEditor.TestRunner.csproj", "{70F47F0A-2E83-2578-6EF9-307BE7CB92D7}"
EndProject
Project("{FAE04EC0-301F-11D3-BF4B-00C04F79EFBC}") = "Unity.TextMeshPro.Editor", "Unity.TextMeshPro.Editor.csproj", "{1B9118E4-C653-92D4-EFC2-87F2C3B8747B}"
EndProject
Project("{FAE04EC0-301F-11D3-BF4B-00C04F79EFBC}") = "Unity.Timeline.Editor", "Unity.Timeline.Editor.csproj", "{4941E023-2C1A-6953-F5D8-BC52F32182E8}"
EndProject
Project("{FAE04EC0-301F-11D3-BF4B-00C04F79EFBC}") = "Unity.2D.Animation.Editor", "Unity.2D.Animation.Editor.csproj", "{7D02A780-A611-246B-B9F5-6BD2C53A84F2}"
EndProject
Project("{FAE04EC0-301F-11D3-BF4B-00C04F79EFBC}") = "Unity.2D.Path.Editor", "Unity.2D.Path.Editor.csproj", "{1FB40DEE-CBD6-288F-022B-3332AA0F8436}"
EndProject
Project("{FAE04EC0-301F-11D3-BF4B-00C04F79EFBC}") = "Unity.2D.Sprite.Editor", "Unity.2D.Sprite.Editor.csproj", "{1E749A8B-D977-9994-0243-8FCFA57934DF}"
EndProject
Project("{FAE04EC0-301F-11D3-BF4B-00C04F79EFBC}") = "UnityEditor.UI", "UnityEditor.UI.csproj", "{28ECB283-76DC-B6E7-75A2-6BB6FE012F87}"
EndProject
Project("{FAE04EC0-301F-11D3-BF4B-00C04F79EFBC}") = "Unity.Rider.Editor", "Unity.Rider.Editor.csproj", "{35A62127-5F66-9EB2-C2C9-8CDB1A312D54}"
EndProject
Project("{FAE04EC0-301F-11D3-BF4B-00C04F79EFBC}") = "Unity.2D.Tilemap.Editor", "Unity.2D.Tilemap.Editor.csproj", "{1D875D2A-EEC8-E0DA-2FAB-1FC4834D14BA}"
EndProject
Project("{FAE04EC0-301F-11D3-BF4B-00C04F79EFBC}") = "Unity.2D.SpriteShape.Editor", "Unity.2D.SpriteShape.Editor.csproj", "{F43384F2-28CD-A36D-5D22-3F6832919DE1}"
EndProject
Project("{FAE04EC0-301F-11D3-BF4B-00C04F79EFBC}") = "PsdPlugin", "PsdPlugin.csproj", "{59DE3682-E8DB-CA8D-CADE-9A4308FCA5D7}"
EndProject
Project("{FAE04EC0-301F-11D3-BF4B-00C04F79EFBC}") = "Unity.CollabProxy.Editor", "Unity.CollabProxy.Editor.csproj", "{B856A6A4-B32D-F6F7-675B-49742EDD8731}"
EndProject
Project("{FAE04EC0-301F-11D3-BF4B-00C04F79EFBC}") = "Assembly-CSharp-Editor", "Assembly-CSharp-Editor.csproj", "{CC355A8B-F42B-2B51-119C-0CE4BDE054A2}"
EndProject
Project("{FAE04EC0-301F-11D3-BF4B-00C04F79EFBC}") = "Unity.2D.Common.Editor", "Unity.2D.Common.Editor.csproj", "{C56D0084-0510-B8EA-78FF-09ABF6618EE5}"
EndProject
Project("{FAE04EC0-301F-11D3-BF4B-00C04F79EFBC}") = "Unity.VSCode.Editor", "Unity.VSCode.Editor.csproj", "{72805CC6-2400-C373-DBAB-CE5FDD797131}"
EndProject
Project("{FAE04EC0-301F-11D3-BF4B-00C04F79EFBC}") = "Unity.2D.Psdimporter.Editor", "Unity.2D.Psdimporter.Editor.csproj", "{B5B54FBB-2A58-372E-E0D6-939B5A9AC7F0}"
EndProject
Project("{FAE04EC0-301F-11D3-BF4B-00C04F79EFBC}") = "Unity.2D.PixelPerfect.Editor", "Unity.2D.PixelPerfect.Editor.csproj", "{A5224A70-E55B-843C-A69C-C2F116C0BC5C}"
EndProject
Project("{FAE04EC0-301F-11D3-BF4B-00C04F79EFBC}") = "Unity.Mathematics.Editor", "Unity.Mathematics.Editor.csproj", "{30D96562-F879-C9EF-04CF-84A992281068}"
EndProject
Project("{FAE04EC0-301F-11D3-BF4B-00C04F79EFBC}") = "Unity.InternalAPIEditorBridge.001", "Unity.InternalAPIEditorBridge.001.csproj", "{D5D84270-2CDD-B8EC-3BD9-AE17203C2BF8}"
EndProject
Global
	GlobalSection(SolutionConfigurationPlatforms) = preSolution
		Debug|Any CPU = Debug|Any CPU
		Release|Any CPU = Release|Any CPU
	EndGlobalSection
	GlobalSection(ProjectConfigurationPlatforms) = postSolution
		{995C09F5-B9D6-D667-891A-9E65028D019D}.Debug|Any CPU.ActiveCfg = Debug|Any CPU
		{995C09F5-B9D6-D667-891A-9E65028D019D}.Debug|Any CPU.Build.0 = Debug|Any CPU
		{995C09F5-B9D6-D667-891A-9E65028D019D}.Release|Any CPU.ActiveCfg = Release|Any CPU
		{995C09F5-B9D6-D667-891A-9E65028D019D}.Release|Any CPU.Build.0 = Release|Any CPU
		{AB5F462A-ADD6-D011-9824-EE6B694A39E8}.Debug|Any CPU.ActiveCfg = Debug|Any CPU
		{AB5F462A-ADD6-D011-9824-EE6B694A39E8}.Debug|Any CPU.Build.0 = Debug|Any CPU
		{AB5F462A-ADD6-D011-9824-EE6B694A39E8}.Release|Any CPU.ActiveCfg = Release|Any CPU
		{AB5F462A-ADD6-D011-9824-EE6B694A39E8}.Release|Any CPU.Build.0 = Release|Any CPU
		{9CC7D274-F053-3B2A-AA8C-6A7178E18C30}.Debug|Any CPU.ActiveCfg = Debug|Any CPU
		{9CC7D274-F053-3B2A-AA8C-6A7178E18C30}.Debug|Any CPU.Build.0 = Debug|Any CPU
		{9CC7D274-F053-3B2A-AA8C-6A7178E18C30}.Release|Any CPU.ActiveCfg = Release|Any CPU
		{9CC7D274-F053-3B2A-AA8C-6A7178E18C30}.Release|Any CPU.Build.0 = Release|Any CPU
		{3F4FDF3A-4076-0EA7-F38A-7EF1FEA017CD}.Debug|Any CPU.ActiveCfg = Debug|Any CPU
		{3F4FDF3A-4076-0EA7-F38A-7EF1FEA017CD}.Debug|Any CPU.Build.0 = Debug|Any CPU
		{3F4FDF3A-4076-0EA7-F38A-7EF1FEA017CD}.Release|Any CPU.ActiveCfg = Release|Any CPU
		{3F4FDF3A-4076-0EA7-F38A-7EF1FEA017CD}.Release|Any CPU.Build.0 = Release|Any CPU
		{327E11E8-4587-DB96-9A57-B5E0755C9F83}.Debug|Any CPU.ActiveCfg = Debug|Any CPU
		{327E11E8-4587-DB96-9A57-B5E0755C9F83}.Debug|Any CPU.Build.0 = Debug|Any CPU
		{327E11E8-4587-DB96-9A57-B5E0755C9F83}.Release|Any CPU.ActiveCfg = Release|Any CPU
		{327E11E8-4587-DB96-9A57-B5E0755C9F83}.Release|Any CPU.Build.0 = Release|Any CPU
		{EBB3C2DE-566C-2497-4F2A-3807251983DF}.Debug|Any CPU.ActiveCfg = Debug|Any CPU
		{EBB3C2DE-566C-2497-4F2A-3807251983DF}.Debug|Any CPU.Build.0 = Debug|Any CPU
		{EBB3C2DE-566C-2497-4F2A-3807251983DF}.Release|Any CPU.ActiveCfg = Release|Any CPU
		{EBB3C2DE-566C-2497-4F2A-3807251983DF}.Release|Any CPU.Build.0 = Release|Any CPU
		{5705B7B0-4F56-D640-D4E0-22E0E03E7AF4}.Debug|Any CPU.ActiveCfg = Debug|Any CPU
		{5705B7B0-4F56-D640-D4E0-22E0E03E7AF4}.Debug|Any CPU.Build.0 = Debug|Any CPU
		{5705B7B0-4F56-D640-D4E0-22E0E03E7AF4}.Release|Any CPU.ActiveCfg = Release|Any CPU
		{5705B7B0-4F56-D640-D4E0-22E0E03E7AF4}.Release|Any CPU.Build.0 = Release|Any CPU
		{8B908919-7C33-7912-BEF4-9A50F8091A05}.Debug|Any CPU.ActiveCfg = Debug|Any CPU
		{8B908919-7C33-7912-BEF4-9A50F8091A05}.Debug|Any CPU.Build.0 = Debug|Any CPU
		{8B908919-7C33-7912-BEF4-9A50F8091A05}.Release|Any CPU.ActiveCfg = Release|Any CPU
		{8B908919-7C33-7912-BEF4-9A50F8091A05}.Release|Any CPU.Build.0 = Release|Any CPU
		{8089816E-F83E-DDF2-D8DA-07BF813994A4}.Debug|Any CPU.ActiveCfg = Debug|Any CPU
		{8089816E-F83E-DDF2-D8DA-07BF813994A4}.Debug|Any CPU.Build.0 = Debug|Any CPU
		{8089816E-F83E-DDF2-D8DA-07BF813994A4}.Release|Any CPU.ActiveCfg = Release|Any CPU
		{8089816E-F83E-DDF2-D8DA-07BF813994A4}.Release|Any CPU.Build.0 = Release|Any CPU
		{13BE5564-16CD-AB75-C3EE-6A5C17DFC5C0}.Debug|Any CPU.ActiveCfg = Debug|Any CPU
		{13BE5564-16CD-AB75-C3EE-6A5C17DFC5C0}.Debug|Any CPU.Build.0 = Debug|Any CPU
		{13BE5564-16CD-AB75-C3EE-6A5C17DFC5C0}.Release|Any CPU.ActiveCfg = Release|Any CPU
		{13BE5564-16CD-AB75-C3EE-6A5C17DFC5C0}.Release|Any CPU.Build.0 = Release|Any CPU
		{148456B5-40B9-6C87-A01C-4F49EAD4F7FB}.Debug|Any CPU.ActiveCfg = Debug|Any CPU
		{148456B5-40B9-6C87-A01C-4F49EAD4F7FB}.Debug|Any CPU.Build.0 = Debug|Any CPU
		{148456B5-40B9-6C87-A01C-4F49EAD4F7FB}.Release|Any CPU.ActiveCfg = Release|Any CPU
		{148456B5-40B9-6C87-A01C-4F49EAD4F7FB}.Release|Any CPU.Build.0 = Release|Any CPU
		{CE186074-1F22-187D-8732-7B698A71D0D1}.Debug|Any CPU.ActiveCfg = Debug|Any CPU
		{CE186074-1F22-187D-8732-7B698A71D0D1}.Debug|Any CPU.Build.0 = Debug|Any CPU
		{CE186074-1F22-187D-8732-7B698A71D0D1}.Release|Any CPU.ActiveCfg = Release|Any CPU
		{CE186074-1F22-187D-8732-7B698A71D0D1}.Release|Any CPU.Build.0 = Release|Any CPU
		{70F47F0A-2E83-2578-6EF9-307BE7CB92D7}.Debug|Any CPU.ActiveCfg = Debug|Any CPU
		{70F47F0A-2E83-2578-6EF9-307BE7CB92D7}.Debug|Any CPU.Build.0 = Debug|Any CPU
		{70F47F0A-2E83-2578-6EF9-307BE7CB92D7}.Release|Any CPU.ActiveCfg = Release|Any CPU
		{70F47F0A-2E83-2578-6EF9-307BE7CB92D7}.Release|Any CPU.Build.0 = Release|Any CPU
		{1B9118E4-C653-92D4-EFC2-87F2C3B8747B}.Debug|Any CPU.ActiveCfg = Debug|Any CPU
		{1B9118E4-C653-92D4-EFC2-87F2C3B8747B}.Debug|Any CPU.Build.0 = Debug|Any CPU
		{1B9118E4-C653-92D4-EFC2-87F2C3B8747B}.Release|Any CPU.ActiveCfg = Release|Any CPU
		{1B9118E4-C653-92D4-EFC2-87F2C3B8747B}.Release|Any CPU.Build.0 = Release|Any CPU
		{4941E023-2C1A-6953-F5D8-BC52F32182E8}.Debug|Any CPU.ActiveCfg = Debug|Any CPU
		{4941E023-2C1A-6953-F5D8-BC52F32182E8}.Debug|Any CPU.Build.0 = Debug|Any CPU
		{4941E023-2C1A-6953-F5D8-BC52F32182E8}.Release|Any CPU.ActiveCfg = Release|Any CPU
		{4941E023-2C1A-6953-F5D8-BC52F32182E8}.Release|Any CPU.Build.0 = Release|Any CPU
		{7D02A780-A611-246B-B9F5-6BD2C53A84F2}.Debug|Any CPU.ActiveCfg = Debug|Any CPU
		{7D02A780-A611-246B-B9F5-6BD2C53A84F2}.Debug|Any CPU.Build.0 = Debug|Any CPU
		{7D02A780-A611-246B-B9F5-6BD2C53A84F2}.Release|Any CPU.ActiveCfg = Release|Any CPU
		{7D02A780-A611-246B-B9F5-6BD2C53A84F2}.Release|Any CPU.Build.0 = Release|Any CPU
		{1FB40DEE-CBD6-288F-022B-3332AA0F8436}.Debug|Any CPU.ActiveCfg = Debug|Any CPU
		{1FB40DEE-CBD6-288F-022B-3332AA0F8436}.Debug|Any CPU.Build.0 = Debug|Any CPU
		{1FB40DEE-CBD6-288F-022B-3332AA0F8436}.Release|Any CPU.ActiveCfg = Release|Any CPU
		{1FB40DEE-CBD6-288F-022B-3332AA0F8436}.Release|Any CPU.Build.0 = Release|Any CPU
		{1E749A8B-D977-9994-0243-8FCFA57934DF}.Debug|Any CPU.ActiveCfg = Debug|Any CPU
		{1E749A8B-D977-9994-0243-8FCFA57934DF}.Debug|Any CPU.Build.0 = Debug|Any CPU
		{1E749A8B-D977-9994-0243-8FCFA57934DF}.Release|Any CPU.ActiveCfg = Release|Any CPU
		{1E749A8B-D977-9994-0243-8FCFA57934DF}.Release|Any CPU.Build.0 = Release|Any CPU
		{28ECB283-76DC-B6E7-75A2-6BB6FE012F87}.Debug|Any CPU.ActiveCfg = Debug|Any CPU
		{28ECB283-76DC-B6E7-75A2-6BB6FE012F87}.Debug|Any CPU.Build.0 = Debug|Any CPU
		{28ECB283-76DC-B6E7-75A2-6BB6FE012F87}.Release|Any CPU.ActiveCfg = Release|Any CPU
		{28ECB283-76DC-B6E7-75A2-6BB6FE012F87}.Release|Any CPU.Build.0 = Release|Any CPU
		{35A62127-5F66-9EB2-C2C9-8CDB1A312D54}.Debug|Any CPU.ActiveCfg = Debug|Any CPU
		{35A62127-5F66-9EB2-C2C9-8CDB1A312D54}.Debug|Any CPU.Build.0 = Debug|Any CPU
		{35A62127-5F66-9EB2-C2C9-8CDB1A312D54}.Release|Any CPU.ActiveCfg = Release|Any CPU
		{35A62127-5F66-9EB2-C2C9-8CDB1A312D54}.Release|Any CPU.Build.0 = Release|Any CPU
		{1D875D2A-EEC8-E0DA-2FAB-1FC4834D14BA}.Debug|Any CPU.ActiveCfg = Debug|Any CPU
		{1D875D2A-EEC8-E0DA-2FAB-1FC4834D14BA}.Debug|Any CPU.Build.0 = Debug|Any CPU
		{1D875D2A-EEC8-E0DA-2FAB-1FC4834D14BA}.Release|Any CPU.ActiveCfg = Release|Any CPU
		{1D875D2A-EEC8-E0DA-2FAB-1FC4834D14BA}.Release|Any CPU.Build.0 = Release|Any CPU
		{F43384F2-28CD-A36D-5D22-3F6832919DE1}.Debug|Any CPU.ActiveCfg = Debug|Any CPU
		{F43384F2-28CD-A36D-5D22-3F6832919DE1}.Debug|Any CPU.Build.0 = Debug|Any CPU
		{F43384F2-28CD-A36D-5D22-3F6832919DE1}.Release|Any CPU.ActiveCfg = Release|Any CPU
		{F43384F2-28CD-A36D-5D22-3F6832919DE1}.Release|Any CPU.Build.0 = Release|Any CPU
		{59DE3682-E8DB-CA8D-CADE-9A4308FCA5D7}.Debug|Any CPU.ActiveCfg = Debug|Any CPU
		{59DE3682-E8DB-CA8D-CADE-9A4308FCA5D7}.Debug|Any CPU.Build.0 = Debug|Any CPU
		{59DE3682-E8DB-CA8D-CADE-9A4308FCA5D7}.Release|Any CPU.ActiveCfg = Release|Any CPU
		{59DE3682-E8DB-CA8D-CADE-9A4308FCA5D7}.Release|Any CPU.Build.0 = Release|Any CPU
		{B856A6A4-B32D-F6F7-675B-49742EDD8731}.Debug|Any CPU.ActiveCfg = Debug|Any CPU
		{B856A6A4-B32D-F6F7-675B-49742EDD8731}.Debug|Any CPU.Build.0 = Debug|Any CPU
		{B856A6A4-B32D-F6F7-675B-49742EDD8731}.Release|Any CPU.ActiveCfg = Release|Any CPU
		{B856A6A4-B32D-F6F7-675B-49742EDD8731}.Release|Any CPU.Build.0 = Release|Any CPU
		{CC355A8B-F42B-2B51-119C-0CE4BDE054A2}.Debug|Any CPU.ActiveCfg = Debug|Any CPU
		{CC355A8B-F42B-2B51-119C-0CE4BDE054A2}.Debug|Any CPU.Build.0 = Debug|Any CPU
		{CC355A8B-F42B-2B51-119C-0CE4BDE054A2}.Release|Any CPU.ActiveCfg = Release|Any CPU
		{CC355A8B-F42B-2B51-119C-0CE4BDE054A2}.Release|Any CPU.Build.0 = Release|Any CPU
		{C56D0084-0510-B8EA-78FF-09ABF6618EE5}.Debug|Any CPU.ActiveCfg = Debug|Any CPU
		{C56D0084-0510-B8EA-78FF-09ABF6618EE5}.Debug|Any CPU.Build.0 = Debug|Any CPU
		{C56D0084-0510-B8EA-78FF-09ABF6618EE5}.Release|Any CPU.ActiveCfg = Release|Any CPU
		{C56D0084-0510-B8EA-78FF-09ABF6618EE5}.Release|Any CPU.Build.0 = Release|Any CPU
		{72805CC6-2400-C373-DBAB-CE5FDD797131}.Debug|Any CPU.ActiveCfg = Debug|Any CPU
		{72805CC6-2400-C373-DBAB-CE5FDD797131}.Debug|Any CPU.Build.0 = Debug|Any CPU
		{72805CC6-2400-C373-DBAB-CE5FDD797131}.Release|Any CPU.ActiveCfg = Release|Any CPU
		{72805CC6-2400-C373-DBAB-CE5FDD797131}.Release|Any CPU.Build.0 = Release|Any CPU
		{B5B54FBB-2A58-372E-E0D6-939B5A9AC7F0}.Debug|Any CPU.ActiveCfg = Debug|Any CPU
		{B5B54FBB-2A58-372E-E0D6-939B5A9AC7F0}.Debug|Any CPU.Build.0 = Debug|Any CPU
		{B5B54FBB-2A58-372E-E0D6-939B5A9AC7F0}.Release|Any CPU.ActiveCfg = Release|Any CPU
		{B5B54FBB-2A58-372E-E0D6-939B5A9AC7F0}.Release|Any CPU.Build.0 = Release|Any CPU
		{A5224A70-E55B-843C-A69C-C2F116C0BC5C}.Debug|Any CPU.ActiveCfg = Debug|Any CPU
		{A5224A70-E55B-843C-A69C-C2F116C0BC5C}.Debug|Any CPU.Build.0 = Debug|Any CPU
		{A5224A70-E55B-843C-A69C-C2F116C0BC5C}.Release|Any CPU.ActiveCfg = Release|Any CPU
		{A5224A70-E55B-843C-A69C-C2F116C0BC5C}.Release|Any CPU.Build.0 = Release|Any CPU
		{30D96562-F879-C9EF-04CF-84A992281068}.Debug|Any CPU.ActiveCfg = Debug|Any CPU
		{30D96562-F879-C9EF-04CF-84A992281068}.Debug|Any CPU.Build.0 = Debug|Any CPU
		{30D96562-F879-C9EF-04CF-84A992281068}.Release|Any CPU.ActiveCfg = Release|Any CPU
		{30D96562-F879-C9EF-04CF-84A992281068}.Release|Any CPU.Build.0 = Release|Any CPU
		{D5D84270-2CDD-B8EC-3BD9-AE17203C2BF8}.Debug|Any CPU.ActiveCfg = Debug|Any CPU
		{D5D84270-2CDD-B8EC-3BD9-AE17203C2BF8}.Debug|Any CPU.Build.0 = Debug|Any CPU
		{D5D84270-2CDD-B8EC-3BD9-AE17203C2BF8}.Release|Any CPU.ActiveCfg = Release|Any CPU
		{D5D84270-2CDD-B8EC-3BD9-AE17203C2BF8}.Release|Any CPU.Build.0 = Release|Any CPU
	EndGlobalSection
	GlobalSection(SolutionProperties) = preSolution
		HideSolutionNode = FALSE
	EndGlobalSection
EndGlobal
